
Microsoft Visual Studio Solution File, Format Version 12.00
# Visual Studio Version 17
VisualStudioVersion = 17.3.32819.101
MinimumVisualStudioVersion = 10.0.40219.1
Project("{FAE04EC0-301F-11D3-BF4B-00C04F79EFBC}") = "Uppgift 6 BMI-räknare", "Uppgift 6 BMI-räknare\Uppgift 6 BMI-räknare.csproj", "{8610FAFB-4D6E-49F2-BFE7-108B518EC687}"
EndProject
Global
	GlobalSection(SolutionConfigurationPlatforms) = preSolution
		Debug|Any CPU = Debug|Any CPU
		Release|Any CPU = Release|Any CPU
	EndGlobalSection
	GlobalSection(ProjectConfigurationPlatforms) = postSolution
		{8610FAFB-4D6E-49F2-BFE7-108B518EC687}.Debug|Any CPU.ActiveCfg = Debug|Any CPU
		{8610FAFB-4D6E-49F2-BFE7-108B518EC687}.Debug|Any CPU.Build.0 = Debug|Any CPU
		{8610FAFB-4D6E-49F2-BFE7-108B518EC687}.Release|Any CPU.ActiveCfg = Release|Any CPU
		{8610FAFB-4D6E-49F2-BFE7-108B518EC687}.Release|Any CPU.Build.0 = Release|Any CPU
	EndGlobalSection
	GlobalSection(SolutionProperties) = preSolution
		HideSolutionNode = FALSE
	EndGlobalSection
	GlobalSection(ExtensibilityGlobals) = postSolution
		SolutionGuid = {FD4D8DB9-00E0-44BD-A594-390802EEC913}
	EndGlobalSection
EndGlobal
